{
  "version": 4,
  "terraform_version": "0.15.4",
  "serial": 61,
  "lineage": "29e8182f-d99f-16d8-dda3-91b0e537f941",
  "outputs": {
    "devopslink-public-zone-id": {
      "value": "Z044998812FDL3JSZ0XD0",
      "type": "string"
    },
    "private_key": {
      "value": "-----BEGIN RSA PRIVATE KEY-----\nMIIEowIBAAKCAQEA7YmdJrPn116jgDwR1j3pJXXMg7Ma3gFvMLKCo+0oRJFG+rcj\nuv4UFnZkfMhXzcd0vWMnzTHOkzDPKfCZN7C1jFdARfLe/0TO832DYIOo7iGJfJBi\nNZ7B0ERMkSpqO7ddmMb92SGeNiZ5jjjYV4e+vUk6DzsgesFmjeQ3BwvmY8UhEC/g\n4wNxdh7o7woqJLSDteoYIXm4TM6DxkgOECQ54KeaIRYCN8VlgTzj4EJmNWYjzxk4\niKg3iSIjlRLIm0+5xIhhfVNX0StDTwFBK+0Kf6mFvJotURL/5agL0zw1mBYH7u5v\nNCGoblGuu+HCfFQmK8CWZqKgaZdZAYmuRg+53QIDAQABAoIBADc3H+KZOzEi/JqY\nXAUTCxj8EvgiMAKfDruhIyD7xbp6kqdA3vteiEjYaG9hGpfo30gOvnfCNiSc2esD\n1HnPh8QBnB0mYZOw6PJMoLdUo3YHMbBU159jMeY5mhq8Y0lSTF1xFBze5anss6DN\nsexWz42sceSMd/ZQ8ofVHr1ylLFn9KyGPSGemsJZmeGSHjH2Z/pBYV5npmVJI6gH\nVP0SSX8TXWV5ioBkEmqnQGEOK1RmRA6euS6qmdcvmfLgtjCOoyDs8YKlPrxU15fO\nG8x5xTGY3NDzdyYoHrUw7BqWm4tSwadrOUjqMd0gaMqSE77R7Ihdqs+nKaZGlccx\n0QwQXjkCgYEA9ZEBGXdyYu//E2DrwMHxo4ToI8eoFrD8j+ieRwjyaC35JDTd75ld\nvRrD/PNyCVdCajn1LGTyouNNPVbkZ+QuuyIrskmA3If0E37PaCbBrfMGRVzU3lon\nRG+PjvI/2un9V/7oW5ADlQMClfsTj8tTXLuG1/jniu6v2gPAzDvN9PcCgYEA96FH\n0tDm/RkxASj0o7rOigG7AxvcPQBJDBQPQnehBZndEYS4mBTVYLM1D8nZ71OK7jup\nE0ZdJZLRfF3L0XPLzRF46J0Sr2u0nfBuSI8Kdr3OiG9cT+l0tUnwidwzibve/2uF\nratAWA9q01WCxiccW25fqy6dDJVIjtvHd6LI1ssCgYEAhOq8zp0BtB21UjbmxIn1\nkg2xXRSHneike/xsF4T3OH6R2RAohLTdsSrYpITc18N8dmTymNn3H0WrHCV5Mean\niLDhN/pjHnsUGK1N9FDuCop9fXPW4Jepo3hDGxtyhrqaX1PhTxYvaiub7bReDTn/\n4DS8sw/NvDyfwIDBjYpdW1cCgYAaNhcdKIGavsTiI4ypnAdqsj4yWQuZ5WLWBXWM\nCo+fwSaWSR8k8eeYIb/3GN2ZqJUnHGeMI8GOTZkg+eiuFfy3iybqMF4e9V6b7Swv\nP/zSjsrCxE7YIpT474engAhwhtNW4/G1bVAVQiSDlCSQhulIgEleHEQBZffVL0xQ\nzIlHuwKBgB9W/vMn6fIz/3mXwAb4eICTl/RRJ7T+3lr1nP4SaHMnhSAxr4nErLY4\nn6TkmDLlzNgMlwpbbjge3IR2stQ9bUfHxNZXuiDZiYac0PwLpp95drKgiDVYDGnp\nLFVDPGPveEuGCQGoHhV5z9GiOsfQEWGn5b/qBL8dLnltwjp/nQs2\n-----END RSA PRIVATE KEY-----\n",
      "type": "string",
      "sensitive": true
    },
    "server_ip": {
      "value": "54.225.216.146",
      "type": "string"
    }
  },
  "resources": [
    {
      "mode": "data",
      "type": "aws_caller_identity",
      "name": "current",
      "provider": "provider[\"registry.terraform.io/hashicorp/aws\"]",
      "instances": [
        {
          "schema_version": 0,
          "attributes": {
            "account_id": "003577947065",
            "arn": "arn:aws:iam::003577947065:root",
            "id": "003577947065",
            "user_id": "003577947065"
          },
          "sensitive_attributes": []
        }
      ]
    },
    {
      "mode": "managed",
      "type": "aws_ecr_repository",
      "name": "minecraft-server",
      "provider": "provider[\"registry.terraform.io/hashicorp/aws\"]",
      "instances": [
        {
          "schema_version": 0,
          "attributes": {
            "arn": "arn:aws:ecr:us-east-1:003577947065:repository/minecraft-server",
            "encryption_configuration": [
              {
                "encryption_type": "AES256",
                "kms_key": ""
              }
            ],
            "id": "minecraft-server",
            "image_scanning_configuration": [
              {
                "scan_on_push": false
              }
            ],
            "image_tag_mutability": "MUTABLE",
            "name": "minecraft-server",
            "registry_id": "003577947065",
            "repository_url": "003577947065.dkr.ecr.us-east-1.amazonaws.com/minecraft-server",
            "tags": {},
            "tags_all": {},
            "timeouts": null
          },
          "sensitive_attributes": [],
          "private": "eyJlMmJmYjczMC1lY2FhLTExZTYtOGY4OC0zNDM2M2JjN2M0YzAiOnsiZGVsZXRlIjoxMjAwMDAwMDAwMDAwfX0="
        }
      ]
    },
    {
      "mode": "managed",
      "type": "aws_eip",
      "name": "server",
      "provider": "provider[\"registry.terraform.io/hashicorp/aws\"]",
      "instances": [
        {
          "schema_version": 0,
          "attributes": {
            "address": null,
            "allocation_id": null,
            "associate_with_private_ip": null,
            "association_id": "eipassoc-0570079a584835ae1",
            "carrier_ip": "",
            "customer_owned_ip": "",
            "customer_owned_ipv4_pool": "",
            "domain": "vpc",
            "id": "eipalloc-06c113a6ac1c31d6f",
            "instance": "i-01201b38c6aa4f329",
            "network_border_group": "us-east-1",
            "network_interface": "eni-0a412a8111d16fd1d",
            "private_dns": "ip-172-31-38-190.ec2.internal",
            "private_ip": "172.31.38.190",
            "public_dns": "ec2-54-225-216-146.compute-1.amazonaws.com",
            "public_ip": "54.225.216.146",
            "public_ipv4_pool": "amazon",
            "tags": {},
            "tags_all": {},
            "timeouts": null,
            "vpc": true
          },
          "sensitive_attributes": [],
          "private": "eyJlMmJmYjczMC1lY2FhLTExZTYtOGY4OC0zNDM2M2JjN2M0YzAiOnsiZGVsZXRlIjoxODAwMDAwMDAwMDAsInJlYWQiOjkwMDAwMDAwMDAwMCwidXBkYXRlIjozMDAwMDAwMDAwMDB9fQ=="
        }
      ]
    },
    {
      "mode": "managed",
      "type": "aws_eip_association",
      "name": "server",
      "provider": "provider[\"registry.terraform.io/hashicorp/aws\"]",
      "instances": [
        {
          "schema_version": 0,
          "attributes": {
            "allocation_id": "eipalloc-06c113a6ac1c31d6f",
            "allow_reassociation": null,
            "id": "eipassoc-0570079a584835ae1",
            "instance_id": "i-01201b38c6aa4f329",
            "network_interface_id": "eni-0a412a8111d16fd1d",
            "private_ip_address": "172.31.38.190",
            "public_ip": "54.225.216.146"
          },
          "sensitive_attributes": [],
          "private": "bnVsbA==",
          "dependencies": [
            "aws_iam_role.server-role",
            "aws_instance.server",
            "aws_key_pair.server-kp",
            "aws_security_group.allow_all",
            "tls_private_key.server-key",
            "aws_eip.server",
            "aws_iam_instance_profile.server-profile"
          ]
        }
      ]
    },
    {
      "mode": "managed",
      "type": "aws_iam_instance_profile",
      "name": "server-profile",
      "provider": "provider[\"registry.terraform.io/hashicorp/aws\"]",
      "instances": [
        {
          "schema_version": 0,
          "attributes": {
            "arn": "arn:aws:iam::003577947065:instance-profile/server-profile",
            "create_date": "2021-09-06T15:32:54Z",
            "id": "server-profile",
            "name": "server-profile",
            "name_prefix": null,
            "path": "/",
            "role": "minecraft_server_ec2",
            "tags": {},
            "tags_all": {},
            "unique_id": "AIPAQBVKDEO4RWFH2K2HJ"
          },
          "sensitive_attributes": [],
          "private": "bnVsbA==",
          "dependencies": [
            "aws_iam_role.server-role"
          ]
        }
      ]
    },
    {
      "mode": "managed",
      "type": "aws_iam_role",
      "name": "server-role",
      "provider": "provider[\"registry.terraform.io/hashicorp/aws\"]",
      "instances": [
        {
          "schema_version": 0,
          "attributes": {
            "arn": "arn:aws:iam::003577947065:role/minecraft_server_ec2",
            "assume_role_policy": "{\"Version\":\"2012-10-17\",\"Statement\":[{\"Sid\":\"\",\"Effect\":\"Allow\",\"Principal\":{\"Service\":\"ec2.amazonaws.com\"},\"Action\":\"sts:AssumeRole\"}]}",
            "create_date": "2021-09-06T15:32:53Z",
            "description": "",
            "force_detach_policies": false,
            "id": "minecraft_server_ec2",
            "inline_policy": [
              {
                "name": "server-role",
                "policy": "{\r\n    \"Version\": \"2012-10-17\",\r\n    \"Statement\": [\r\n        {\r\n            \"Sid\": \"VisualEditor0\",\r\n            \"Effect\": \"Allow\",\r\n            \"Action\": [\r\n                \"ecr:GetRegistryPolicy\",\r\n                \"ecr:DescribeRegistry\",\r\n                \"ecr:GetAuthorizationToken\",\r\n                \"ecr:DeleteRegistryPolicy\",\r\n                \"ecr:PutRegistryPolicy\",\r\n                \"ecr:PutReplicationConfiguration\",\r\n                \"ecr:BatchGetImage\",\r\n                \"ecr:GetDownloadUrlForLayer\"\r\n            ],\r\n            \"Resource\": \"*\"\r\n        },\r\n        {\r\n            \"Sid\": \"VisualEditor1\",\r\n            \"Effect\": \"Allow\",\r\n            \"Action\": \"ecr:*\",\r\n            \"Resource\": \"arn:aws:ec2:us-east-1:003577947065:instance/i-01201b38c6aa4f329\"\r\n        },\r\n        {\r\n          \"Sid\": \"VisualEditor2\",\r\n          \"Effect\": \"Allow\",\r\n          \"Action\": [\r\n              \"ec2:*\"\r\n          ],\r\n          \"Resource\": \"*\"\r\n        }\r\n    ]\r\n}\r\n"
              }
            ],
            "managed_policy_arns": [],
            "max_session_duration": 3600,
            "name": "minecraft_server_ec2",
            "name_prefix": null,
            "path": "/",
            "permissions_boundary": null,
            "tags": {},
            "tags_all": {},
            "unique_id": "AROAQBVKDEO4Q2OHNRQNU"
          },
          "sensitive_attributes": [],
          "private": "bnVsbA=="
        }
      ]
    },
    {
      "mode": "managed",
      "type": "aws_iam_role_policy",
      "name": "server-policy",
      "provider": "provider[\"registry.terraform.io/hashicorp/aws\"]",
      "instances": [
        {
          "schema_version": 0,
          "attributes": {
            "id": "minecraft_server_ec2:server-role",
            "name": "server-role",
            "name_prefix": null,
            "policy": "{\r\n    \"Version\": \"2012-10-17\",\r\n    \"Statement\": [\r\n        {\r\n            \"Sid\": \"VisualEditor0\",\r\n            \"Effect\": \"Allow\",\r\n            \"Action\": [\r\n                \"ecr:GetRegistryPolicy\",\r\n                \"ecr:DescribeRegistry\",\r\n                \"ecr:GetAuthorizationToken\",\r\n                \"ecr:DeleteRegistryPolicy\",\r\n                \"ecr:PutRegistryPolicy\",\r\n                \"ecr:PutReplicationConfiguration\",\r\n                \"ecr:BatchGetImage\",\r\n                \"ecr:GetDownloadUrlForLayer\"\r\n            ],\r\n            \"Resource\": \"*\"\r\n        },\r\n        {\r\n            \"Sid\": \"VisualEditor1\",\r\n            \"Effect\": \"Allow\",\r\n            \"Action\": \"ecr:*\",\r\n            \"Resource\": \"arn:aws:ec2:us-east-1:003577947065:instance/i-01201b38c6aa4f329\"\r\n        },\r\n        {\r\n          \"Sid\": \"VisualEditor2\",\r\n          \"Effect\": \"Allow\",\r\n          \"Action\": [\r\n              \"ec2:*\"\r\n          ],\r\n          \"Resource\": \"*\"\r\n        }\r\n    ]\r\n}\r\n",
            "role": "minecraft_server_ec2"
          },
          "sensitive_attributes": [],
          "private": "bnVsbA==",
          "dependencies": [
            "aws_key_pair.server-kp",
            "aws_security_group.allow_all",
            "tls_private_key.server-key",
            "aws_iam_instance_profile.server-profile",
            "aws_iam_role.server-role",
            "aws_instance.server"
          ]
        }
      ]
    },
    {
      "mode": "managed",
      "type": "aws_iam_user",
      "name": "server",
      "provider": "provider[\"registry.terraform.io/hashicorp/aws\"]",
      "instances": [
        {
          "schema_version": 0,
          "attributes": {
            "arn": "arn:aws:iam::003577947065:user/server-user",
            "force_destroy": false,
            "id": "server-user",
            "name": "server-user",
            "path": "/",
            "permissions_boundary": null,
            "tags": {},
            "tags_all": {},
            "unique_id": "AIDAQBVKDEO4Z4DA5FWJO"
          },
          "sensitive_attributes": [],
          "private": "bnVsbA=="
        }
      ]
    },
    {
      "mode": "managed",
      "type": "aws_instance",
      "name": "server",
      "provider": "provider[\"registry.terraform.io/hashicorp/aws\"]",
      "instances": [
        {
          "schema_version": 1,
          "attributes": {
            "ami": "ami-042e8287309f5df03",
            "arn": "arn:aws:ec2:us-east-1:003577947065:instance/i-01201b38c6aa4f329",
            "associate_public_ip_address": true,
            "availability_zone": "us-east-1a",
            "capacity_reservation_specification": [
              {
                "capacity_reservation_preference": "open",
                "capacity_reservation_target": []
              }
            ],
            "cpu_core_count": 1,
            "cpu_threads_per_core": 2,
            "credit_specification": [
              {
                "cpu_credits": "unlimited"
              }
            ],
            "disable_api_termination": false,
            "ebs_block_device": [],
            "ebs_optimized": false,
            "enclave_options": [
              {
                "enabled": false
              }
            ],
            "ephemeral_block_device": [],
            "get_password_data": false,
            "hibernation": false,
            "host_id": null,
            "iam_instance_profile": "server-profile",
            "id": "i-01201b38c6aa4f329",
            "instance_initiated_shutdown_behavior": "stop",
            "instance_state": "running",
            "instance_type": "t3.micro",
            "ipv6_address_count": 0,
            "ipv6_addresses": [],
            "key_name": "server-kp",
            "launch_template": [],
            "metadata_options": [
              {
                "http_endpoint": "enabled",
                "http_put_response_hop_limit": 1,
                "http_tokens": "optional"
              }
            ],
            "monitoring": false,
            "network_interface": [],
            "outpost_arn": "",
            "password_data": "",
            "placement_group": "",
            "primary_network_interface_id": "eni-0a412a8111d16fd1d",
            "private_dns": "ip-172-31-38-190.ec2.internal",
            "private_ip": "172.31.38.190",
            "public_dns": "ec2-54-225-216-146.compute-1.amazonaws.com",
            "public_ip": "54.225.216.146",
            "root_block_device": [
              {
                "delete_on_termination": true,
                "device_name": "/dev/sda1",
                "encrypted": false,
                "iops": 100,
                "kms_key_id": "",
                "tags": {},
                "throughput": 0,
                "volume_id": "vol-02073acb24b9af00f",
                "volume_size": 8,
                "volume_type": "gp2"
              }
            ],
            "secondary_private_ips": [],
            "security_groups": [
              "server-sec-group"
            ],
            "source_dest_check": true,
            "subnet_id": "subnet-4f103210",
            "tags": {
              "Name": "minecraft-server"
            },
            "tags_all": {
              "Name": "minecraft-server"
            },
            "tenancy": "default",
            "timeouts": null,
            "user_data": null,
            "user_data_base64": null,
            "volume_tags": null,
            "vpc_security_group_ids": [
              "sg-0eda7900623e70700"
            ]
          },
          "sensitive_attributes": [],
          "private": "eyJlMmJmYjczMC1lY2FhLTExZTYtOGY4OC0zNDM2M2JjN2M0YzAiOnsiY3JlYXRlIjo2MDAwMDAwMDAwMDAsImRlbGV0ZSI6MTIwMDAwMDAwMDAwMCwidXBkYXRlIjo2MDAwMDAwMDAwMDB9LCJzY2hlbWFfdmVyc2lvbiI6IjEifQ==",
          "dependencies": [
            "aws_iam_instance_profile.server-profile",
            "aws_iam_role.server-role",
            "aws_key_pair.server-kp",
            "aws_security_group.allow_all",
            "tls_private_key.server-key"
          ]
        }
      ]
    },
    {
      "mode": "managed",
      "type": "aws_key_pair",
      "name": "server-kp",
      "provider": "provider[\"registry.terraform.io/hashicorp/aws\"]",
      "instances": [
        {
          "schema_version": 1,
          "attributes": {
            "arn": "arn:aws:ec2:us-east-1:003577947065:key-pair/server-kp",
            "fingerprint": "a4:e6:a0:e8:59:36:7e:20:7c:e1:08:7b:5e:7a:cc:76",
            "id": "server-kp",
            "key_name": "server-kp",
            "key_name_prefix": null,
            "key_pair_id": "key-08eafba5480e7e8ac",
            "public_key": "ssh-rsa AAAAB3NzaC1yc2EAAAADAQABAAABAQDtiZ0ms+fXXqOAPBHWPekldcyDsxreAW8wsoKj7ShEkUb6tyO6/hQWdmR8yFfNx3S9YyfNMc6TMM8p8Jk3sLWMV0BF8t7/RM7zfYNgg6juIYl8kGI1nsHQREyRKmo7t12Yxv3ZIZ42JnmOONhXh769SToPOyB6wWaN5DcHC+ZjxSEQL+DjA3F2HujvCioktIO16hghebhMzoPGSA4QJDngp5ohFgI3xWWBPOPgQmY1ZiPPGTiIqDeJIiOVEsibT7nEiGF9U1fRK0NPAUEr7Qp/qYW8mi1REv/lqAvTPDWYFgfu7m80IahuUa674cJ8VCYrwJZmoqBpl1kBia5GD7nd",
            "tags": {},
            "tags_all": {}
          },
          "sensitive_attributes": [],
          "private": "eyJzY2hlbWFfdmVyc2lvbiI6IjEifQ==",
          "dependencies": [
            "tls_private_key.server-key"
          ]
        }
      ]
    },
    {
      "mode": "managed",
      "type": "aws_route53_record",
      "name": "server1-record",
      "provider": "provider[\"registry.terraform.io/hashicorp/aws\"]",
      "instances": [
        {
          "schema_version": 2,
          "attributes": {
            "alias": [],
            "allow_overwrite": null,
            "failover_routing_policy": [],
            "fqdn": "minecraft.cyntaax.dev",
            "geolocation_routing_policy": [],
            "health_check_id": "",
            "id": "Z044998812FDL3JSZ0XD0_minecraft.cyntaax.dev_A",
            "latency_routing_policy": [],
            "multivalue_answer_routing_policy": null,
            "name": "minecraft.cyntaax.dev",
            "records": [
              "54.225.216.146"
            ],
            "set_identifier": "",
            "ttl": 300,
            "type": "A",
            "weighted_routing_policy": [],
            "zone_id": "Z044998812FDL3JSZ0XD0"
          },
          "sensitive_attributes": [],
          "private": "eyJzY2hlbWFfdmVyc2lvbiI6IjIifQ==",
          "dependencies": [
            "aws_instance.server"
          ]
        }
      ]
    },
    {
      "mode": "managed",
      "type": "aws_security_group",
      "name": "allow_all",
      "provider": "provider[\"registry.terraform.io/hashicorp/aws\"]",
      "instances": [
        {
          "schema_version": 1,
          "attributes": {
            "arn": "arn:aws:ec2:us-east-1:003577947065:security-group/sg-0eda7900623e70700",
            "description": "Allow all traffic",
            "egress": [
              {
                "cidr_blocks": [
                  "0.0.0.0/0"
                ],
                "description": "",
                "from_port": 0,
                "ipv6_cidr_blocks": [],
                "prefix_list_ids": [],
                "protocol": "-1",
                "security_groups": [],
                "self": false,
                "to_port": 0
              }
            ],
            "id": "sg-0eda7900623e70700",
            "ingress": [
              {
                "cidr_blocks": [
                  "0.0.0.0/0"
                ],
                "description": "",
                "from_port": 0,
                "ipv6_cidr_blocks": [],
                "prefix_list_ids": [],
                "protocol": "-1",
                "security_groups": [],
                "self": false,
                "to_port": 0
              }
            ],
            "name": "server-sec-group",
            "name_prefix": "",
            "owner_id": "003577947065",
            "revoke_rules_on_delete": false,
            "tags": {},
            "tags_all": {},
            "timeouts": null,
            "vpc_id": "vpc-ccccbeb1"
          },
          "sensitive_attributes": [],
          "private": "eyJlMmJmYjczMC1lY2FhLTExZTYtOGY4OC0zNDM2M2JjN2M0YzAiOnsiY3JlYXRlIjo2MDAwMDAwMDAwMDAsImRlbGV0ZSI6OTAwMDAwMDAwMDAwfSwic2NoZW1hX3ZlcnNpb24iOiIxIn0="
        }
      ]
    },
    {
      "mode": "managed",
      "type": "null_resource",
      "name": "server-init",
      "provider": "provider[\"registry.terraform.io/hashicorp/null\"]",
      "instances": [
        {
          "index_key": 0,
          "schema_version": 0,
          "attributes": {
            "id": "5369524239466054030",
            "triggers": null
          },
          "sensitive_attributes": [],
          "private": "bnVsbA==",
          "dependencies": [
            "aws_eip_association.server",
            "aws_instance.server",
            "tls_private_key.server-key"
          ]
        }
      ]
    },
    {
      "mode": "managed",
      "type": "tls_private_key",
      "name": "server-key",
      "provider": "provider[\"registry.terraform.io/hashicorp/tls\"]",
      "instances": [
        {
          "schema_version": 0,
          "attributes": {
            "algorithm": "RSA",
            "ecdsa_curve": "P224",
            "id": "93eb3dc7bdc0078b0dfe21ac3f7e4c681a98ed98",
            "private_key_pem": "-----BEGIN RSA PRIVATE KEY-----\nMIIEowIBAAKCAQEA7YmdJrPn116jgDwR1j3pJXXMg7Ma3gFvMLKCo+0oRJFG+rcj\nuv4UFnZkfMhXzcd0vWMnzTHOkzDPKfCZN7C1jFdARfLe/0TO832DYIOo7iGJfJBi\nNZ7B0ERMkSpqO7ddmMb92SGeNiZ5jjjYV4e+vUk6DzsgesFmjeQ3BwvmY8UhEC/g\n4wNxdh7o7woqJLSDteoYIXm4TM6DxkgOECQ54KeaIRYCN8VlgTzj4EJmNWYjzxk4\niKg3iSIjlRLIm0+5xIhhfVNX0StDTwFBK+0Kf6mFvJotURL/5agL0zw1mBYH7u5v\nNCGoblGuu+HCfFQmK8CWZqKgaZdZAYmuRg+53QIDAQABAoIBADc3H+KZOzEi/JqY\nXAUTCxj8EvgiMAKfDruhIyD7xbp6kqdA3vteiEjYaG9hGpfo30gOvnfCNiSc2esD\n1HnPh8QBnB0mYZOw6PJMoLdUo3YHMbBU159jMeY5mhq8Y0lSTF1xFBze5anss6DN\nsexWz42sceSMd/ZQ8ofVHr1ylLFn9KyGPSGemsJZmeGSHjH2Z/pBYV5npmVJI6gH\nVP0SSX8TXWV5ioBkEmqnQGEOK1RmRA6euS6qmdcvmfLgtjCOoyDs8YKlPrxU15fO\nG8x5xTGY3NDzdyYoHrUw7BqWm4tSwadrOUjqMd0gaMqSE77R7Ihdqs+nKaZGlccx\n0QwQXjkCgYEA9ZEBGXdyYu//E2DrwMHxo4ToI8eoFrD8j+ieRwjyaC35JDTd75ld\nvRrD/PNyCVdCajn1LGTyouNNPVbkZ+QuuyIrskmA3If0E37PaCbBrfMGRVzU3lon\nRG+PjvI/2un9V/7oW5ADlQMClfsTj8tTXLuG1/jniu6v2gPAzDvN9PcCgYEA96FH\n0tDm/RkxASj0o7rOigG7AxvcPQBJDBQPQnehBZndEYS4mBTVYLM1D8nZ71OK7jup\nE0ZdJZLRfF3L0XPLzRF46J0Sr2u0nfBuSI8Kdr3OiG9cT+l0tUnwidwzibve/2uF\nratAWA9q01WCxiccW25fqy6dDJVIjtvHd6LI1ssCgYEAhOq8zp0BtB21UjbmxIn1\nkg2xXRSHneike/xsF4T3OH6R2RAohLTdsSrYpITc18N8dmTymNn3H0WrHCV5Mean\niLDhN/pjHnsUGK1N9FDuCop9fXPW4Jepo3hDGxtyhrqaX1PhTxYvaiub7bReDTn/\n4DS8sw/NvDyfwIDBjYpdW1cCgYAaNhcdKIGavsTiI4ypnAdqsj4yWQuZ5WLWBXWM\nCo+fwSaWSR8k8eeYIb/3GN2ZqJUnHGeMI8GOTZkg+eiuFfy3iybqMF4e9V6b7Swv\nP/zSjsrCxE7YIpT474engAhwhtNW4/G1bVAVQiSDlCSQhulIgEleHEQBZffVL0xQ\nzIlHuwKBgB9W/vMn6fIz/3mXwAb4eICTl/RRJ7T+3lr1nP4SaHMnhSAxr4nErLY4\nn6TkmDLlzNgMlwpbbjge3IR2stQ9bUfHxNZXuiDZiYac0PwLpp95drKgiDVYDGnp\nLFVDPGPveEuGCQGoHhV5z9GiOsfQEWGn5b/qBL8dLnltwjp/nQs2\n-----END RSA PRIVATE KEY-----\n",
            "public_key_fingerprint_md5": "0f:72:69:2d:37:57:b3:a4:76:72:9a:07:5d:c6:b6:75",
            "public_key_openssh": "ssh-rsa AAAAB3NzaC1yc2EAAAADAQABAAABAQDtiZ0ms+fXXqOAPBHWPekldcyDsxreAW8wsoKj7ShEkUb6tyO6/hQWdmR8yFfNx3S9YyfNMc6TMM8p8Jk3sLWMV0BF8t7/RM7zfYNgg6juIYl8kGI1nsHQREyRKmo7t12Yxv3ZIZ42JnmOONhXh769SToPOyB6wWaN5DcHC+ZjxSEQL+DjA3F2HujvCioktIO16hghebhMzoPGSA4QJDngp5ohFgI3xWWBPOPgQmY1ZiPPGTiIqDeJIiOVEsibT7nEiGF9U1fRK0NPAUEr7Qp/qYW8mi1REv/lqAvTPDWYFgfu7m80IahuUa674cJ8VCYrwJZmoqBpl1kBia5GD7nd\n",
            "public_key_pem": "-----BEGIN PUBLIC KEY-----\nMIIBIjANBgkqhkiG9w0BAQEFAAOCAQ8AMIIBCgKCAQEA7YmdJrPn116jgDwR1j3p\nJXXMg7Ma3gFvMLKCo+0oRJFG+rcjuv4UFnZkfMhXzcd0vWMnzTHOkzDPKfCZN7C1\njFdARfLe/0TO832DYIOo7iGJfJBiNZ7B0ERMkSpqO7ddmMb92SGeNiZ5jjjYV4e+\nvUk6DzsgesFmjeQ3BwvmY8UhEC/g4wNxdh7o7woqJLSDteoYIXm4TM6DxkgOECQ5\n4KeaIRYCN8VlgTzj4EJmNWYjzxk4iKg3iSIjlRLIm0+5xIhhfVNX0StDTwFBK+0K\nf6mFvJotURL/5agL0zw1mBYH7u5vNCGoblGuu+HCfFQmK8CWZqKgaZdZAYmuRg+5\n3QIDAQAB\n-----END PUBLIC KEY-----\n",
            "rsa_bits": 2048
          },
          "sensitive_attributes": [],
          "private": "bnVsbA=="
        }
      ]
    }
  ]
}
